
Microsoft Visual Studio Solution File, Format Version 12.00
# Visual Studio Version 17
VisualStudioVersion = 17.3.32901.215
MinimumVisualStudioVersion = 10.0.40219.1
Project("{FAE04EC0-301F-11D3-BF4B-00C04F79EFBC}") = "RoomApi", "RoomService\RoomApi.csproj", "{3680D720-63E7-4ACE-8D02-587E1E2611B6}"
EndProject
Project("{FAE04EC0-301F-11D3-BF4B-00C04F79EFBC}") = "CustomerApi", "CustomerApi\CustomerApi.csproj", "{52DAF86C-E26D-43D5-B63C-B09DDC5D8CEC}"
EndProject
Project("{FAE04EC0-301F-11D3-BF4B-00C04F79EFBC}") = "ReservationApi", "ReservationApi\ReservationApi.csproj", "{BB0C5761-179D-4B1C-8EBF-8D6A9243B2D5}"
EndProject
Project("{FAE04EC0-301F-11D3-BF4B-00C04F79EFBC}") = "ApiGateWay", "ApiGateWay\ApiGateWay.csproj", "{8A5A82E1-32DE-4D89-A223-D16444C99CF2}"
EndProject
Global
	GlobalSection(SolutionConfigurationPlatforms) = preSolution
		Debug|Any CPU = Debug|Any CPU
		Release|Any CPU = Release|Any CPU
	EndGlobalSection
	GlobalSection(ProjectConfigurationPlatforms) = postSolution
		{3680D720-63E7-4ACE-8D02-587E1E2611B6}.Debug|Any CPU.ActiveCfg = Debug|Any CPU
		{3680D720-63E7-4ACE-8D02-587E1E2611B6}.Debug|Any CPU.Build.0 = Debug|Any CPU
		{3680D720-63E7-4ACE-8D02-587E1E2611B6}.Release|Any CPU.ActiveCfg = Release|Any CPU
		{3680D720-63E7-4ACE-8D02-587E1E2611B6}.Release|Any CPU.Build.0 = Release|Any CPU
		{52DAF86C-E26D-43D5-B63C-B09DDC5D8CEC}.Debug|Any CPU.ActiveCfg = Debug|Any CPU
		{52DAF86C-E26D-43D5-B63C-B09DDC5D8CEC}.Debug|Any CPU.Build.0 = Debug|Any CPU
		{52DAF86C-E26D-43D5-B63C-B09DDC5D8CEC}.Release|Any CPU.ActiveCfg = Release|Any CPU
		{52DAF86C-E26D-43D5-B63C-B09DDC5D8CEC}.Release|Any CPU.Build.0 = Release|Any CPU
		{BB0C5761-179D-4B1C-8EBF-8D6A9243B2D5}.Debug|Any CPU.ActiveCfg = Debug|Any CPU
		{BB0C5761-179D-4B1C-8EBF-8D6A9243B2D5}.Debug|Any CPU.Build.0 = Debug|Any CPU
		{BB0C5761-179D-4B1C-8EBF-8D6A9243B2D5}.Release|Any CPU.ActiveCfg = Release|Any CPU
		{BB0C5761-179D-4B1C-8EBF-8D6A9243B2D5}.Release|Any CPU.Build.0 = Release|Any CPU
		{8A5A82E1-32DE-4D89-A223-D16444C99CF2}.Debug|Any CPU.ActiveCfg = Debug|Any CPU
		{8A5A82E1-32DE-4D89-A223-D16444C99CF2}.Debug|Any CPU.Build.0 = Debug|Any CPU
		{8A5A82E1-32DE-4D89-A223-D16444C99CF2}.Release|Any CPU.ActiveCfg = Release|Any CPU
		{8A5A82E1-32DE-4D89-A223-D16444C99CF2}.Release|Any CPU.Build.0 = Release|Any CPU
	EndGlobalSection
	GlobalSection(SolutionProperties) = preSolution
		HideSolutionNode = FALSE
	EndGlobalSection
	GlobalSection(ExtensibilityGlobals) = postSolution
		SolutionGuid = {3E691505-2BF7-4F32-B5FA-F4B50396D1FD}
	EndGlobalSection
EndGlobal
